
Microsoft Visual Studio Solution File, Format Version 12.00
# Visual Studio Version 17
VisualStudioVersion = 17.9.34728.123
MinimumVisualStudioVersion = 10.0.40219.1
Project("{FAE04EC0-301F-11D3-BF4B-00C04F79EFBC}") = "XcsToPgmxConverter", "XcsToPgmxConverter\XcsToPgmxConverter.csproj", "{512462F1-1B74-4E20-A39C-F744E67F7AF9}"
EndProject
Global
	GlobalSection(SolutionConfigurationPlatforms) = preSolution
		Debug|Any CPU = Debug|Any CPU
		Release|Any CPU = Release|Any CPU
	EndGlobalSection
	GlobalSection(ProjectConfigurationPlatforms) = postSolution
		{512462F1-1B74-4E20-A39C-F744E67F7AF9}.Debug|Any CPU.ActiveCfg = Debug|Any CPU
		{512462F1-1B74-4E20-A39C-F744E67F7AF9}.Debug|Any CPU.Build.0 = Debug|Any CPU
		{512462F1-1B74-4E20-A39C-F744E67F7AF9}.Release|Any CPU.ActiveCfg = Release|Any CPU
		{512462F1-1B74-4E20-A39C-F744E67F7AF9}.Release|Any CPU.Build.0 = Release|Any CPU
	EndGlobalSection
	GlobalSection(SolutionProperties) = preSolution
		HideSolutionNode = FALSE
	EndGlobalSection
	GlobalSection(ExtensibilityGlobals) = postSolution
		SolutionGuid = {DA313F82-6297-4E99-AEFB-28DF1DD5141E}
	EndGlobalSection
EndGlobal
